
Microsoft Visual Studio Solution File, Format Version 12.00
# Visual Studio Version 17
VisualStudioVersion = 17.14.36202.13
MinimumVisualStudioVersion = 10.0.40219.1
Project("{FAE04EC0-301F-11D3-BF4B-00C04F79EFBC}") = "YoutubeSearcher", "YoutubeSearcher.csproj", "{68B33DBE-5349-4690-9EA2-1250E008F525}"
EndProject
Project("{FAE04EC0-301F-11D3-BF4B-00C04F79EFBC}") = "YoutubeSearcher.Web", "YoutubeSearcher.Web\YoutubeSearcher.Web.csproj", "{2A5ACE94-6C77-42DD-842A-E2BA3A59389E}"
EndProject
Global
	GlobalSection(SolutionConfigurationPlatforms) = preSolution
		Debug|Any CPU = Debug|Any CPU
		Debug|x64 = Debug|x64
		Debug|x86 = Debug|x86
		Release|Any CPU = Release|Any CPU
		Release|x64 = Release|x64
		Release|x86 = Release|x86
	EndGlobalSection
	GlobalSection(ProjectConfigurationPlatforms) = postSolution
		{68B33DBE-5349-4690-9EA2-1250E008F525}.Debug|Any CPU.ActiveCfg = Debug|Any CPU
		{68B33DBE-5349-4690-9EA2-1250E008F525}.Debug|Any CPU.Build.0 = Debug|Any CPU
		{68B33DBE-5349-4690-9EA2-1250E008F525}.Debug|x64.ActiveCfg = Debug|Any CPU
		{68B33DBE-5349-4690-9EA2-1250E008F525}.Debug|x64.Build.0 = Debug|Any CPU
		{68B33DBE-5349-4690-9EA2-1250E008F525}.Debug|x86.ActiveCfg = Debug|Any CPU
		{68B33DBE-5349-4690-9EA2-1250E008F525}.Debug|x86.Build.0 = Debug|Any CPU
		{68B33DBE-5349-4690-9EA2-1250E008F525}.Release|Any CPU.ActiveCfg = Release|Any CPU
		{68B33DBE-5349-4690-9EA2-1250E008F525}.Release|Any CPU.Build.0 = Release|Any CPU
		{68B33DBE-5349-4690-9EA2-1250E008F525}.Release|x64.ActiveCfg = Release|Any CPU
		{68B33DBE-5349-4690-9EA2-1250E008F525}.Release|x64.Build.0 = Release|Any CPU
		{68B33DBE-5349-4690-9EA2-1250E008F525}.Release|x86.ActiveCfg = Release|Any CPU
		{68B33DBE-5349-4690-9EA2-1250E008F525}.Release|x86.Build.0 = Release|Any CPU
		{2A5ACE94-6C77-42DD-842A-E2BA3A59389E}.Debug|Any CPU.ActiveCfg = Debug|Any CPU
		{2A5ACE94-6C77-42DD-842A-E2BA3A59389E}.Debug|Any CPU.Build.0 = Debug|Any CPU
		{2A5ACE94-6C77-42DD-842A-E2BA3A59389E}.Debug|x64.ActiveCfg = Debug|Any CPU
		{2A5ACE94-6C77-42DD-842A-E2BA3A59389E}.Debug|x64.Build.0 = Debug|Any CPU
		{2A5ACE94-6C77-42DD-842A-E2BA3A59389E}.Debug|x86.ActiveCfg = Debug|Any CPU
		{2A5ACE94-6C77-42DD-842A-E2BA3A59389E}.Debug|x86.Build.0 = Debug|Any CPU
		{2A5ACE94-6C77-42DD-842A-E2BA3A59389E}.Release|Any CPU.ActiveCfg = Release|Any CPU
		{2A5ACE94-6C77-42DD-842A-E2BA3A59389E}.Release|Any CPU.Build.0 = Release|Any CPU
		{2A5ACE94-6C77-42DD-842A-E2BA3A59389E}.Release|x64.ActiveCfg = Release|Any CPU
		{2A5ACE94-6C77-42DD-842A-E2BA3A59389E}.Release|x64.Build.0 = Release|Any CPU
		{2A5ACE94-6C77-42DD-842A-E2BA3A59389E}.Release|x86.ActiveCfg = Release|Any CPU
		{2A5ACE94-6C77-42DD-842A-E2BA3A59389E}.Release|x86.Build.0 = Release|Any CPU
	EndGlobalSection
	GlobalSection(SolutionProperties) = preSolution
		HideSolutionNode = FALSE
	EndGlobalSection
	GlobalSection(ExtensibilityGlobals) = postSolution
		SolutionGuid = {606B0C47-4112-4108-9775-E7BCC7BE953E}
	EndGlobalSection
EndGlobal
